
Microsoft Visual Studio Solution File, Format Version 12.00
# Visual Studio Version 17
VisualStudioVersion = 17.12.35527.113 d17.12
MinimumVisualStudioVersion = 10.0.40219.1
Project("{FAE04EC0-301F-11D3-BF4B-00C04F79EFBC}") = "Fitness", "Fitness.csproj", "{B898FF27-804C-4D0C-92ED-8B3D9DDBC22E}"
EndProject
Global
	GlobalSection(SolutionConfigurationPlatforms) = preSolution
		Debug|Any CPU = Debug|Any CPU
		Release|Any CPU = Release|Any CPU
	EndGlobalSection
	GlobalSection(ProjectConfigurationPlatforms) = postSolution
		{B898FF27-804C-4D0C-92ED-8B3D9DDBC22E}.Debug|Any CPU.ActiveCfg = Debug|Any CPU
		{B898FF27-804C-4D0C-92ED-8B3D9DDBC22E}.Debug|Any CPU.Build.0 = Debug|Any CPU
		{B898FF27-804C-4D0C-92ED-8B3D9DDBC22E}.Release|Any CPU.ActiveCfg = Release|Any CPU
		{B898FF27-804C-4D0C-92ED-8B3D9DDBC22E}.Release|Any CPU.Build.0 = Release|Any CPU
	EndGlobalSection
	GlobalSection(SolutionProperties) = preSolution
		HideSolutionNode = FALSE
	EndGlobalSection
EndGlobal
